{
  "name": "snug-catalog-tools",
  "lockfileVersion": 3,
  "requires": true,
  "packages": {
    "": {
      "name": "snug-catalog-tools",
      "dependencies": {
        "meshoptimizer": "^1.3.0"
      }
    },
    "node_modules/meshoptimizer": {
      "version": "1.3.0",
      "resolved": "https://registry.npmjs.org/meshoptimizer/-/meshoptimizer-1.3.0.tgz",
      "integrity": "sha512-2oZqMAcEEiCtXWUjIGtZ71oPx1B0ZxYGTqIKsXB1wzWFhleNsCFxQuUJzgCV706bRcwPWtMGf1odmQvAcqKkIw==",
      "license": "MIT"
    }
  }
}
